// !$*UTF8*$!
{
	archiveVersion = 1;
	classes = {
	};
	objectVersion = 48;
	objects = {

/* Begin PBXBuildFile section */
		03A1A2481FA2EE0700281FEF /* AppDelegate.swift in Sources */ = {isa = PBXBuildFile; fileRef = 03A1A2471FA2EE0700281FEF /* AppDelegate.swift */; };
		03A1A24A1FA2EE0700281FEF /* ViewController.swift in Sources */ = {isa = PBXBuildFile; fileRef = 03A1A2491FA2EE0700281FEF /* ViewController.swift */; };
		03A1A24D1FA2EE0700281FEF /* Main.storyboard in Resources */ = {isa = PBXBuildFile; fileRef = 03A1A24B1FA2EE0700281FEF /* Main.storyboard */; };
		03A1A24F1FA2EE0700281FEF /* Assets.xcassets in Resources */ = {isa = PBXBuildFile; fileRef = 03A1A24E1FA2EE0700281FEF /* Assets.xcassets */; };
		03A1A2521FA2EE0700281FEF /* LaunchScreen.storyboard in Resources */ = {isa = PBXBuildFile; fileRef = 03A1A2501FA2EE0700281FEF /* LaunchScreen.storyboard */; };
/* End PBXBuildFile section */

/* Begin PBXFileReference section */
		03A1A2441FA2EE0700281FEF /* MySimpleBLE.app */ = {isa = PBXFileReference; explicitFileType = wrapper.application; includeInIndex = 0; path = MySimpleBLE.app; sourceTree = BUILT_PRODUCTS_DIR; };
		03A1A2471FA2EE0700281FEF /* AppDelegate.swift */ = {isa = PBXFileReference; lastKnownFileType = sourcecode.swift; path = AppDelegate.swift; sourceTree = "<group>"; };
		03A1A2491FA2EE0700281FEF /* ViewController.swift */ = {isa = PBXFileReference; lastKnownFileType = sourcecode.swift; path = ViewController.swift; sourceTree = "<group>"; };
		03A1A24C1FA2EE0700281FEF /* Base */ = {isa = PBXFileReference; lastKnownFileType = file.storyboard; name = Base; path = Base.lproj/Main.storyboard; sourceTree = "<group>"; };
		03A1A24E1FA2EE0700281FEF /* Assets.xcassets */ = {isa = PBXFileReference; lastKnownFileType = folder.assetcatalog; path = Assets.xcassets; sourceTree = "<group>"; };
		03A1A2511FA2EE0700281FEF /* Base */ = {isa = PBXFileReference; lastKnownFileType = file.storyboard; name = Base; path = Base.lproj/LaunchScreen.storyboard; sourceTree = "<group>"; };
		03A1A2531FA2EE0700281FEF /* Info.plist */ = {isa = PBXFileReference; lastKnownFileType = text.plist.xml; path = Info.plist; sourceTree = "<group>"; };
/* End PBXFileReference section */

/* Begin PBXFrameworksBuildPhase section */
		03A1A2411FA2EE0700281FEF /* Frameworks */ = {
			isa = PBXFrameworksBuildPhase;
			buildActionMask = 2147483647;
			files = (
			);
			runOnlyForDeploymentPostprocessing = 0;
		};
/* End PBXFrameworksBuildPhase section */

/* Begin PBXGroup section */
		03A1A23B1FA2EE0700281FEF = {
			isa = PBXGroup;
			children = (
				03A1A2461FA2EE0700281FEF /* MySimpleBLE */,
				03A1A2451FA2EE0700281FEF /* Products */,
			);
			sourceTree = "<group>";
		};
		03A1A2451FA2EE0700281FEF /* Products */ = {
			isa = PBXGroup;
			children = (
				03A1A2441FA2EE0700281FEF /* MySimpleBLE.app */,
			);
			name = Products;
			sourceTree = "<group>";
		};
		03A1A2461FA2EE0700281FEF /* MySimpleBLE */ = {
			isa = PBXGroup;
			children = (
				03A1A2471FA2EE0700281FEF /* AppDelegate.swift */,
				03A1A2491FA2EE0700281FEF /* ViewController.swift */,
				03A1A24B1FA2EE0700281FEF /* Main.storyboard */,
				03A1A24E1FA2EE0700281FEF /* Assets.xcassets */,
				03A1A2501FA2EE0700281FEF /* LaunchScreen.storyboard */,
				03A1A2531FA2EE0700281FEF /* Info.plist */,
			);
			path = MySimpleBLE;
			sourceTree = "<group>";
		};
/* End PBXGroup section */

/* Begin PBXNativeTarget section */
		03A1A2431FA2EE0700281FEF /* MySimpleBLE */ = {
			isa = PBXNativeTarget;
			buildConfigurationList = 03A1A2561FA2EE0700281FEF /* Build configuration list for PBXNativeTarget "MySimpleBLE" */;
			buildPhases = (
				03A1A2401FA2EE0700281FEF /* Sources */,
				03A1A2411FA2EE0700281FEF /* Frameworks */,
				03A1A2421FA2EE0700281FEF /* Resources */,
			);
			buildRules = (
			);
			dependencies = (
			);
			name = MySimpleBLE;
			productName = MySimpleBLE;
			productReference = 03A1A2441FA2EE0700281FEF /* MySimpleBLE.app */;
			productType = "com.apple.product-type.application";
		};
/* End PBXNativeTarget section */

/* Begin PBXProject section */
		03A1A23C1FA2EE0700281FEF /* Project object */ = {
			isa = PBXProject;
			attributes = {
				LastSwiftUpdateCheck = 0910;
				LastUpgradeCheck = 0910;
				ORGANIZATIONNAME = toshinari.nakamura;
				TargetAttributes = {
					03A1A2431FA2EE0700281FEF = {
						CreatedOnToolsVersion = 9.1;
						ProvisioningStyle = Automatic;
					};
				};
			};
			buildConfigurationList = 03A1A23F1FA2EE0700281FEF /* Build configuration list for PBXProject "MySimpleBLE" */;
			compatibilityVersion = "Xcode 8.0";
			developmentRegion = en;
			hasScannedForEncodings = 0;
			knownRegions = (
				en,
				Base,
			);
			mainGroup = 03A1A23B1FA2EE0700281FEF;
			productRefGroup = 03A1A2451FA2EE0700281FEF /* Products */;
			projectDirPath = "";
			projectRoot = "";
			targets = (
				03A1A2431FA2EE0700281FEF /* MySimpleBLE */,
			);
		};
/* End PBXProject section */

/* Begin PBXResourcesBuildPhase section */
		03A1A2421FA2EE0700281FEF /* Resources */ = {
			isa = PBXResourcesBuildPhase;
			buildActionMask = 2147483647;
			files = (
				03A1A2521FA2EE0700281FEF /* LaunchScreen.storyboard in Resources */,
				03A1A24F1FA2EE0700281FEF /* Assets.xcassets in Resources */,
				03A1A24D1FA2EE0700281FEF /* Main.storyboard in Resources */,
			);
			runOnlyForDeploymentPostprocessing = 0;
		};
/* End PBXResourcesBuildPhase section */

/* Begin PBXSourcesBuildPhase section */
		03A1A2401FA2EE0700281FEF /* Sources */ = {
			isa = PBXSourcesBuildPhase;
			buildActionMask = 2147483647;
			files = (
				03A1A24A1FA2EE0700281FEF /* ViewController.swift in Sources */,
				03A1A2481FA2EE0700281FEF /* AppDelegate.swift in Sources */,
			);
			runOnlyForDeploymentPostprocessing = 0;
		};
/* End PBXSourcesBuildPhase section */

/* Begin PBXVariantGroup section */
		03A1A24B1FA2EE0700281FEF /* Main.storyboard */ = {
			isa = PBXVariantGroup;
			children = (
				03A1A24C1FA2EE0700281FEF /* Base */,
			);
			name = Main.storyboard;
			sourceTree = "<group>";
		};
		03A1A2501FA2EE0700281FEF /* LaunchScreen.storyboard */ = {
			isa = PBXVariantGroup;
			children = (
				03A1A2511FA2EE0700281FEF /* Base */,
			);
			name = LaunchScreen.storyboard;
			sourceTree = "<group>";
		};
/* End PBXVariantGroup section */

/* Begin XCBuildConfiguration section */
		03A1A2541FA2EE0700281FEF /* Debug */ = {
			isa = XCBuildConfiguration;
			buildSettings = {
				ALWAYS_SEARCH_USER_PATHS = NO;
				CLANG_ANALYZER_NONNULL = YES;
				CLANG_ANALYZER_NUMBER_OBJECT_CONVERSION = YES_AGGRESSIVE;
				CLANG_CXX_LANGUAGE_STANDARD = "gnu++14";
				CLANG_CXX_LIBRARY = "libc++";
				CLANG_ENABLE_MODULES = YES;
				CLANG_ENABLE_OBJC_ARC = YES;
				CLANG_WARN_BLOCK_CAPTURE_AUTORELEASING = YES;
				CLANG_WARN_BOOL_CONVERSION = YES;
				CLANG_WARN_COMMA = YES;
				CLANG_WARN_CONSTANT_CONVERSION = YES;
				CLANG_WARN_DIRECT_OBJC_ISA_USAGE = YES_ERROR;
				CLANG_WARN_DOCUMENTATION_COMMENTS = YES;
				CLANG_WARN_EMPTY_BODY = YES;
				CLANG_WARN_ENUM_CONVERSION = YES;
				CLANG_WARN_INFINITE_RECURSION = YES;
				CLANG_WARN_INT_CONVERSION = YES;
				CLANG_WARN_NON_LITERAL_NULL_CONVERSION = YES;
				CLANG_WARN_OBJC_LITERAL_CONVERSION = YES;
				CLANG_WARN_OBJC_ROOT_CLASS = YES_ERROR;
				CLANG_WARN_RANGE_LOOP_ANALYSIS = YES;
				CLANG_WARN_STRICT_PROTOTYPES = YES;
				CLANG_WARN_SUSPICIOUS_MOVE = YES;
				CLANG_WARN_UNGUARDED_AVAILABILITY = YES_AGGRESSIVE;
				CLANG_WARN_UNREACHABLE_CODE = YES;
				CLANG_WARN__DUPLICATE_METHOD_MATCH = YES;
				CODE_SIGN_IDENTITY = "iPhone Developer";
				COPY_PHASE_STRIP = NO;
				DEBUG_INFORMATION_FORMAT = dwarf;
				ENABLE_STRICT_OBJC_MSGSEND = YES;
				ENABLE_TESTABILITY = YES;
				GCC_C_LANGUAGE_STANDARD = gnu11;
				GCC_DYNAMIC_NO_PIC = NO;
				GCC_NO_COMMON_BLOCKS = YES;
				GCC_OPTIMIZATION_LEVEL = 0;
				GCC_PREPROCESSOR_DEFINITIONS = (
					"DEBUG=1",
					"$(inherited)",
				);
				GCC_WARN_64_TO_32_BIT_CONVERSION = YES;
				GCC_WARN_ABOUT_RETURN_TYPE = YES_ERROR;
				GCC_WARN_UNDECLARED_SELECTOR = YES;
				GCC_WARN_UNINITIALIZED_AUTOS = YES_AGGRESSIVE;
				GCC_WARN_UNUSED_FUNCTION = YES;
				GCC_WARN_UNUSED_VARIABLE = YES;
				IPHONEOS_DEPLOYMENT_TARGET = 11.1;
				MTL_ENABLE_DEBUG_INFO = YES;
				ONLY_ACTIVE_ARCH = YES;
				SDKROOT = iphoneos;
				SWIFT_ACTIVE_COMPILATION_CONDITIONS = DEBUG;
				SWIFT_OPTIMIZATION_LEVEL = "-Onone";
			};
			name = Debug;
		};
		03A1A2551FA2EE0700281FEF /* Release */ = {
			isa = XCBuildConfiguration;
			buildSettings = {
				ALWAYS_SEARCH_USER_PATHS = NO;
				CLANG_ANALYZER_NONNULL = YES;
				CLANG_ANALYZER_NUMBER_OBJECT_CONVERSION = YES_AGGRESSIVE;
				CLANG_CXX_LANGUAGE_STANDARD = "gnu++14";
				CLANG_CXX_LIBRARY = "libc++";
				CLANG_ENABLE_MODULES = YES;
				CLANG_ENABLE_OBJC_ARC = YES;
				CLANG_WARN_BLOCK_CAPTURE_AUTORELEASING = YES;
				CLANG_WARN_BOOL_CONVERSION = YES;
				CLANG_WARN_COMMA = YES;
				CLANG_WARN_CONSTANT_CONVERSION = YES;
				CLANG_WARN_DIRECT_OBJC_ISA_USAGE = YES_ERROR;
				CLANG_WARN_DOCUMENTATION_COMMENTS = YES;
				CLANG_WARN_EMPTY_BODY = YES;
				CLANG_WARN_ENUM_CONVERSION = YES;
				CLANG_WARN_INFINITE_RECURSION = YES;
				CLANG_WARN_INT_CONVERSION = YES;
				CLANG_WARN_NON_LITERAL_NULL_CONVERSION = YES;
				CLANG_WARN_OBJC_LITERAL_CONVERSION = YES;
				CLANG_WARN_OBJC_ROOT_CLASS = YES_ERROR;
				CLANG_WARN_RANGE_LOOP_ANALYSIS = YES;
				CLANG_WARN_STRICT_PROTOTYPES = YES;
				CLANG_WARN_SUSPICIOUS_MOVE = YES;
				CLANG_WARN_UNGUARDED_AVAILABILITY = YES_AGGRESSIVE;
				CLANG_WARN_UNREACHABLE_CODE = YES;
				CLANG_WARN__DUPLICATE_METHOD_MATCH = YES;
				CODE_SIGN_IDENTITY = "iPhone Developer";
				COPY_PHASE_STRIP = NO;
				DEBUG_INFORMATION_FORMAT = "dwarf-with-dsym";
				ENABLE_NS_ASSERTIONS = NO;
				ENABLE_STRICT_OBJC_MSGSEND = YES;
				GCC_C_LANGUAGE_STANDARD = gnu11;
				GCC_NO_COMMON_BLOCKS = YES;
				GCC_WARN_64_TO_32_BIT_CONVERSION = YES;
				GCC_WARN_ABOUT_RETURN_TYPE = YES_ERROR;
				GCC_WARN_UNDECLARED_SELECTOR = YES;
				GCC_WARN_UNINITIALIZED_AUTOS = YES_AGGRESSIVE;
				GCC_WARN_UNUSED_FUNCTION = YES;
				GCC_WARN_UNUSED_VARIABLE = YES;
				IPHONEOS_DEPLOYMENT_TARGET = 11.1;
				MTL_ENABLE_DEBUG_INFO = NO;
				SDKROOT = iphoneos;
				SWIFT_OPTIMIZATION_LEVEL = "-Owholemodule";
				VALIDATE_PRODUCT = YES;
			};
			name = Release;
		};
		03A1A2571FA2EE0700281FEF /* Debug */ = {
			isa = XCBuildConfiguration;
			buildSettings = {
				ASSETCATALOG_COMPILER_APPICON_NAME = AppIcon;
				CODE_SIGN_STYLE = Automatic;
				DEVELOPMENT_TEAM = 2TY5U25GNE;
				INFOPLIST_FILE = MySimpleBLE/Info.plist;
				LD_RUNPATH_SEARCH_PATHS = "$(inherited) @executable_path/Frameworks";
				PRODUCT_BUNDLE_IDENTIFIER = com.nakamura.toshinari.MySimpleBLE;
				PRODUCT_NAME = "$(TARGET_NAME)";
				SWIFT_VERSION = 4.0;
				TARGETED_DEVICE_FAMILY = "1,2";
			};
			name = Debug;
		};
		03A1A2581FA2EE0700281FEF /* Release */ = {
			isa = XCBuildConfiguration;
			buildSettings = {
				ASSETCATALOG_COMPILER_APPICON_NAME = AppIcon;
				CODE_SIGN_STYLE = Automatic;
				DEVELOPMENT_TEAM = 2TY5U25GNE;
				INFOPLIST_FILE = MySimpleBLE/Info.plist;
				LD_RUNPATH_SEARCH_PATHS = "$(inherited) @executable_path/Frameworks";
				PRODUCT_BUNDLE_IDENTIFIER = com.nakamura.toshinari.MySimpleBLE;
				PRODUCT_NAME = "$(TARGET_NAME)";
				SWIFT_VERSION = 4.0;
				TARGETED_DEVICE_FAMILY = "1,2";
			};
			name = Release;
		};
/* End XCBuildConfiguration section */

/* Begin XCConfigurationList section */
		03A1A23F1FA2EE0700281FEF /* Build configuration list for PBXProject "MySimpleBLE" */ = {
			isa = XCConfigurationList;
			buildConfigurations = (
				03A1A2541FA2EE0700281FEF /* Debug */,
				03A1A2551FA2EE0700281FEF /* Release */,
			);
			defaultConfigurationIsVisible = 0;
			defaultConfigurationName = Release;
		};
		03A1A2561FA2EE0700281FEF /* Build configuration list for PBXNativeTarget "MySimpleBLE" */ = {
			isa = XCConfigurationList;
			buildConfigurations = (
				03A1A2571FA2EE0700281FEF /* Debug */,
				03A1A2581FA2EE0700281FEF /* Release */,
			);
			defaultConfigurationIsVisible = 0;
			defaultConfigurationName = Release;
		};
/* End XCConfigurationList section */
	};
	rootObject = 03A1A23C1FA2EE0700281FEF /* Project object */;
}
